
Microsoft Visual Studio Solution File, Format Version 12.00
# Visual Studio Version 17
VisualStudioVersion = 17.13.35825.156 d17.13
MinimumVisualStudioVersion = 10.0.40219.1
Project("{FAE04EC0-301F-11D3-BF4B-00C04F79EFBC}") = "BiblioTar", "BiblioTar.csproj", "{8456FF86-D864-44AD-AB0B-450979109DC9}"
EndProject
Global
	GlobalSection(SolutionConfigurationPlatforms) = preSolution
		Debug|Any CPU = Debug|Any CPU
		Release|Any CPU = Release|Any CPU
	EndGlobalSection
	GlobalSection(ProjectConfigurationPlatforms) = postSolution
		{8456FF86-D864-44AD-AB0B-450979109DC9}.Debug|Any CPU.ActiveCfg = Debug|Any CPU
		{8456FF86-D864-44AD-AB0B-450979109DC9}.Debug|Any CPU.Build.0 = Debug|Any CPU
		{8456FF86-D864-44AD-AB0B-450979109DC9}.Release|Any CPU.ActiveCfg = Release|Any CPU
		{8456FF86-D864-44AD-AB0B-450979109DC9}.Release|Any CPU.Build.0 = Release|Any CPU
	EndGlobalSection
	GlobalSection(SolutionProperties) = preSolution
		HideSolutionNode = FALSE
	EndGlobalSection
	GlobalSection(ExtensibilityGlobals) = postSolution
		SolutionGuid = {A95CC4DF-531C-4A79-BF94-B721C93C9367}
	EndGlobalSection
EndGlobal
